{
  "nodes": {
    "fenix": {
      "inputs": {
        "nixpkgs": [
          "nixpkgs"
        ],
        "rust-analyzer-src": "rust-analyzer-src"
      },
      "locked": {
        "lastModified": 1669357571,
        "narHash": "sha256-jKMZjewUOD6s71xP8zaTZ/oB3dtHM2D/cLgHoNQ9s80=",
        "owner": "nix-community",
        "repo": "fenix",
        "rev": "0d4b86633d6c5438a7b97d485f02e7e18101a541",
        "type": "github"
      },
      "original": {
        "owner": "nix-community",
        "repo": "fenix",
        "type": "github"
      }
    },
    "flake-utils": {
      "locked": {
        "lastModified": 1667395993,
        "narHash": "sha256-nuEHfE/LcWyuSWnS8t12N1wc105Qtau+/OdUAjtQ0rA=",
        "owner": "numtide",
        "repo": "flake-utils",
        "rev": "5aed5285a952e0b949eb3ba02c12fa4fcfef535f",
        "type": "github"
      },
      "original": {
        "owner": "numtide",
        "repo": "flake-utils",
        "type": "github"
      }
    },
    "nixpkgs": {
      "locked": {
        "lastModified": 1667379994,
        "narHash": "sha256-PFOg8WHqfKXsIGZtEC0aB+rl8SB1cXvA01ytIudnRh8=",
        "owner": "NixOS",
        "repo": "nixpkgs",
        "rev": "a704b9029586266f63807f64a6718f1a65b0f83b",
        "type": "github"
      },
      "original": {
        "id": "nixpkgs",
        "type": "indirect"
      }
    },
    "root": {
      "inputs": {
        "fenix": "fenix",
        "flake-utils": "flake-utils",
        "nixpkgs": "nixpkgs"
      }
    },
    "rust-analyzer-src": {
      "flake": false,
      "locked": {
        "lastModified": 1669325252,
        "narHash": "sha256-c4cqmy1lrPRC/Uwf+Sim4xxptVk7fH/STHeqe9BKOVU=",
        "owner": "rust-lang",
        "repo": "rust-analyzer",
        "rev": "1e6a49a801708a8bcbe429ce03f614a7951bdb11",
        "type": "github"
      },
      "original": {
        "owner": "rust-lang",
        "ref": "nightly",
        "repo": "rust-analyzer",
        "type": "github"
      }
    }
  },
  "root": "root",
  "version": 7
}
